
Microsoft Visual Studio Solution File, Format Version 12.00
# Visual Studio Version 17
VisualStudioVersion = 17.4.33403.182
MinimumVisualStudioVersion = 10.0.40219.1
Project("{FAE04EC0-301F-11D3-BF4B-00C04F79EFBC}") = "HelloWorldPlatziWPF", "HelloWorldPlatziWPF\HelloWorldPlatziWPF.csproj", "{659BF385-79FE-41D3-B93F-1725C4FF3817}"
EndProject
Global
	GlobalSection(SolutionConfigurationPlatforms) = preSolution
		Debug|Any CPU = Debug|Any CPU
		Release|Any CPU = Release|Any CPU
	EndGlobalSection
	GlobalSection(ProjectConfigurationPlatforms) = postSolution
		{659BF385-79FE-41D3-B93F-1725C4FF3817}.Debug|Any CPU.ActiveCfg = Debug|Any CPU
		{659BF385-79FE-41D3-B93F-1725C4FF3817}.Debug|Any CPU.Build.0 = Debug|Any CPU
		{659BF385-79FE-41D3-B93F-1725C4FF3817}.Release|Any CPU.ActiveCfg = Release|Any CPU
		{659BF385-79FE-41D3-B93F-1725C4FF3817}.Release|Any CPU.Build.0 = Release|Any CPU
	EndGlobalSection
	GlobalSection(SolutionProperties) = preSolution
		HideSolutionNode = FALSE
	EndGlobalSection
	GlobalSection(ExtensibilityGlobals) = postSolution
		SolutionGuid = {EE38B215-56E0-4E5D-83FA-9B895C6E665A}
	EndGlobalSection
EndGlobal
