
Microsoft Visual Studio Solution File, Format Version 12.00
# Visual Studio Version 17
VisualStudioVersion = 17.4.33403.182
MinimumVisualStudioVersion = 10.0.40219.1
Project("{FAE04EC0-301F-11D3-BF4B-00C04F79EFBC}") = "Strings", "Strings\Strings.csproj", "{63546693-3F71-44A6-881B-965B41D44E37}"
EndProject
Global
	GlobalSection(SolutionConfigurationPlatforms) = preSolution
		Debug|Any CPU = Debug|Any CPU
		Release|Any CPU = Release|Any CPU
	EndGlobalSection
	GlobalSection(ProjectConfigurationPlatforms) = postSolution
		{63546693-3F71-44A6-881B-965B41D44E37}.Debug|Any CPU.ActiveCfg = Debug|Any CPU
		{63546693-3F71-44A6-881B-965B41D44E37}.Debug|Any CPU.Build.0 = Debug|Any CPU
		{63546693-3F71-44A6-881B-965B41D44E37}.Release|Any CPU.ActiveCfg = Release|Any CPU
		{63546693-3F71-44A6-881B-965B41D44E37}.Release|Any CPU.Build.0 = Release|Any CPU
	EndGlobalSection
	GlobalSection(SolutionProperties) = preSolution
		HideSolutionNode = FALSE
	EndGlobalSection
	GlobalSection(ExtensibilityGlobals) = postSolution
		SolutionGuid = {E9A8E12A-0868-489F-AAAA-203DF62792FB}
	EndGlobalSection
EndGlobal
